PODS:
  - Alamofire (5.4.3)
  - MarqueeLabel (4.0.5)
  - NotificationBannerSwift (3.0.6):
    - MarqueeLabel (~> 4.0.5)
    - SnapKit (~> 5.0.1)
  - SnapKit (5.0.1)
  - SVProgressHUD (2.2.5)

DEPENDENCIES:
  - Alamofire (~> 5.2)
  - NotificationBannerSwift (~> 3.0.0)
  - SVProgressHUD

SPEC REPOS:
  trunk:
    - Alamofire
    - MarqueeLabel
    - NotificationBannerSwift
    - SnapKit
    - SVProgressHUD

SPEC CHECKSUMS:
  Alamofire: e447a2774a40c996748296fa2c55112fdbbc42f9
  MarqueeLabel: 00cc0bcd087111dca575878b3531af980559707d
  NotificationBannerSwift: 7021be2338f8f29cf424b0aca43da462bf9e2a1a
  SnapKit: 97b92857e3df3a0c71833cce143274bf6ef8e5eb
  SVProgressHUD: 1428aafac632c1f86f62aa4243ec12008d7a51d6

PODFILE CHECKSUM: 78258bf9c2a6a11c722299ae584c5114af35e351

COCOAPODS: 1.11.0.beta.2
