// !$*UTF8*$!
{
	archiveVersion = 1;
	classes = {
	};
	objectVersion = 54;
	objects = {

/* Begin PBXBuildFile section */
		05637D0355F976CE4ACE5BDF /* Pods_WBooks_WBooksUITests.framework in Frameworks */ = {isa = PBXBuildFile; fileRef = 15AE0DC4D278F859710D6348 /* Pods_WBooks_WBooksUITests.framework */; };
		5E50F7FF4C1CE02FEF0D837B /* Pods_WBooks.framework in Frameworks */ = {isa = PBXBuildFile; fileRef = 4AA79F0E147D46E1A50814D9 /* Pods_WBooks.framework */; };
		99732D5F26B478F600FB9033 /* AppDelegate.swift in Sources */ = {isa = PBXBuildFile; fileRef = 99732D5E26B478F600FB9033 /* AppDelegate.swift */; };
		99732D6126B478F600FB9033 /* SceneDelegate.swift in Sources */ = {isa = PBXBuildFile; fileRef = 99732D6026B478F600FB9033 /* SceneDelegate.swift */; };
		99732D6326B478F600FB9033 /* ViewController.swift in Sources */ = {isa = PBXBuildFile; fileRef = 99732D6226B478F600FB9033 /* ViewController.swift */; };
		99732D6626B478F600FB9033 /* Main.storyboard in Resources */ = {isa = PBXBuildFile; fileRef = 99732D6426B478F600FB9033 /* Main.storyboard */; };
		99732D6826B478FB00FB9033 /* Assets.xcassets in Resources */ = {isa = PBXBuildFile; fileRef = 99732D6726B478FB00FB9033 /* Assets.xcassets */; };
		99732D6B26B478FB00FB9033 /* LaunchScreen.storyboard in Resources */ = {isa = PBXBuildFile; fileRef = 99732D6926B478FB00FB9033 /* LaunchScreen.storyboard */; };
		99732D7626B478FB00FB9033 /* WBooksTests.swift in Sources */ = {isa = PBXBuildFile; fileRef = 99732D7526B478FB00FB9033 /* WBooksTests.swift */; };
		99732D8126B478FB00FB9033 /* WBooksUITests.swift in Sources */ = {isa = PBXBuildFile; fileRef = 99732D8026B478FB00FB9033 /* WBooksUITests.swift */; };
		99732D9626BA1C8800FB9033 /* DesignableView.swift in Sources */ = {isa = PBXBuildFile; fileRef = 99732D9526BA1C8800FB9033 /* DesignableView.swift */; };
		D9685F455EF448BADCE10000 /* Pods_WBooksTests.framework in Frameworks */ = {isa = PBXBuildFile; fileRef = 445B2D7E5A0F19C95F430BEE /* Pods_WBooksTests.framework */; };
/* End PBXBuildFile section */

/* Begin PBXContainerItemProxy section */
		99732D7226B478FB00FB9033 /* PBXContainerItemProxy */ = {
			isa = PBXContainerItemProxy;
			containerPortal = 99732D5326B478F600FB9033 /* Project object */;
			proxyType = 1;
			remoteGlobalIDString = 99732D5A26B478F600FB9033;
			remoteInfo = WBooks;
		};
		99732D7D26B478FB00FB9033 /* PBXContainerItemProxy */ = {
			isa = PBXContainerItemProxy;
			containerPortal = 99732D5326B478F600FB9033 /* Project object */;
			proxyType = 1;
			remoteGlobalIDString = 99732D5A26B478F600FB9033;
			remoteInfo = WBooks;
		};
/* End PBXContainerItemProxy section */

/* Begin PBXFileReference section */
		15AE0DC4D278F859710D6348 /* Pods_WBooks_WBooksUITests.framework */ = {isa = PBXFileReference; explicitFileType = wrapper.framework; includeInIndex = 0; path = Pods_WBooks_WBooksUITests.framework; sourceTree = BUILT_PRODUCTS_DIR; };
		3D7A8A1B93EED42048DB0D01 /* Pods-WBooks-WBooksUITests.release.xcconfig */ = {isa = PBXFileReference; includeInIndex = 1; lastKnownFileType = text.xcconfig; name = "Pods-WBooks-WBooksUITests.release.xcconfig"; path = "Target Support Files/Pods-WBooks-WBooksUITests/Pods-WBooks-WBooksUITests.release.xcconfig"; sourceTree = "<group>"; };
		445B2D7E5A0F19C95F430BEE /* Pods_WBooksTests.framework */ = {isa = PBXFileReference; explicitFileType = wrapper.framework; includeInIndex = 0; path = Pods_WBooksTests.framework; sourceTree = BUILT_PRODUCTS_DIR; };
		4AA79F0E147D46E1A50814D9 /* Pods_WBooks.framework */ = {isa = PBXFileReference; explicitFileType = wrapper.framework; includeInIndex = 0; path = Pods_WBooks.framework; sourceTree = BUILT_PRODUCTS_DIR; };
		4C5834C050A8CE2B54DF5731 /* Pods-WBooks.release.xcconfig */ = {isa = PBXFileReference; includeInIndex = 1; lastKnownFileType = text.xcconfig; name = "Pods-WBooks.release.xcconfig"; path = "Target Support Files/Pods-WBooks/Pods-WBooks.release.xcconfig"; sourceTree = "<group>"; };
		665450407588438811B9DBE8 /* Pods-WBooks.debug.xcconfig */ = {isa = PBXFileReference; includeInIndex = 1; lastKnownFileType = text.xcconfig; name = "Pods-WBooks.debug.xcconfig"; path = "Target Support Files/Pods-WBooks/Pods-WBooks.debug.xcconfig"; sourceTree = "<group>"; };
		99732D5B26B478F600FB9033 /* WBooks.app */ = {isa = PBXFileReference; explicitFileType = wrapper.application; includeInIndex = 0; path = WBooks.app; sourceTree = BUILT_PRODUCTS_DIR; };
		99732D5E26B478F600FB9033 /* AppDelegate.swift */ = {isa = PBXFileReference; lastKnownFileType = sourcecode.swift; path = AppDelegate.swift; sourceTree = "<group>"; };
		99732D6026B478F600FB9033 /* SceneDelegate.swift */ = {isa = PBXFileReference; lastKnownFileType = sourcecode.swift; path = SceneDelegate.swift; sourceTree = "<group>"; };
		99732D6226B478F600FB9033 /* ViewController.swift */ = {isa = PBXFileReference; lastKnownFileType = sourcecode.swift; path = ViewController.swift; sourceTree = "<group>"; };
		99732D6526B478F600FB9033 /* Base */ = {isa = PBXFileReference; lastKnownFileType = file.storyboard; name = Base; path = Base.lproj/Main.storyboard; sourceTree = "<group>"; };
		99732D6726B478FB00FB9033 /* Assets.xcassets */ = {isa = PBXFileReference; lastKnownFileType = folder.assetcatalog; path = Assets.xcassets; sourceTree = "<group>"; };
		99732D6A26B478FB00FB9033 /* Base */ = {isa = PBXFileReference; lastKnownFileType = file.storyboard; name = Base; path = Base.lproj/LaunchScreen.storyboard; sourceTree = "<group>"; };
		99732D6C26B478FB00FB9033 /* Info.plist */ = {isa = PBXFileReference; lastKnownFileType = text.plist.xml; path = Info.plist; sourceTree = "<group>"; };
		99732D7126B478FB00FB9033 /* WBooksTests.xctest */ = {isa = PBXFileReference; explicitFileType = wrapper.cfbundle; includeInIndex = 0; path = WBooksTests.xctest; sourceTree = BUILT_PRODUCTS_DIR; };
		99732D7526B478FB00FB9033 /* WBooksTests.swift */ = {isa = PBXFileReference; lastKnownFileType = sourcecode.swift; path = WBooksTests.swift; sourceTree = "<group>"; };
		99732D7726B478FB00FB9033 /* Info.plist */ = {isa = PBXFileReference; lastKnownFileType = text.plist.xml; path = Info.plist; sourceTree = "<group>"; };
		99732D7C26B478FB00FB9033 /* WBooksUITests.xctest */ = {isa = PBXFileReference; explicitFileType = wrapper.cfbundle; includeInIndex = 0; path = WBooksUITests.xctest; sourceTree = BUILT_PRODUCTS_DIR; };
		99732D8026B478FB00FB9033 /* WBooksUITests.swift */ = {isa = PBXFileReference; lastKnownFileType = sourcecode.swift; path = WBooksUITests.swift; sourceTree = "<group>"; };
		99732D8226B478FB00FB9033 /* Info.plist */ = {isa = PBXFileReference; lastKnownFileType = text.plist.xml; path = Info.plist; sourceTree = "<group>"; };
		99732D9126B4BEA900FB9033 /* Release.xcconfig */ = {isa = PBXFileReference; lastKnownFileType = text.xcconfig; path = Release.xcconfig; sourceTree = "<group>"; };
		99732D9226B8778900FB9033 /* Debug.xcconfig */ = {isa = PBXFileReference; lastKnownFileType = text.xcconfig; path = Debug.xcconfig; sourceTree = "<group>"; };
		99732D9526BA1C8800FB9033 /* DesignableView.swift */ = {isa = PBXFileReference; lastKnownFileType = sourcecode.swift; path = DesignableView.swift; sourceTree = "<group>"; };
		AB372D9690D162D5628BF19E /* Pods-WBooksTests.debug.xcconfig */ = {isa = PBXFileReference; includeInIndex = 1; lastKnownFileType = text.xcconfig; name = "Pods-WBooksTests.debug.xcconfig"; path = "Target Support Files/Pods-WBooksTests/Pods-WBooksTests.debug.xcconfig"; sourceTree = "<group>"; };
		AB4ADD8A8482CEAD6B7456AD /* Pods-WBooks-WBooksUITests.debug.xcconfig */ = {isa = PBXFileReference; includeInIndex = 1; lastKnownFileType = text.xcconfig; name = "Pods-WBooks-WBooksUITests.debug.xcconfig"; path = "Target Support Files/Pods-WBooks-WBooksUITests/Pods-WBooks-WBooksUITests.debug.xcconfig"; sourceTree = "<group>"; };
		AEB3BDB06ED08C1794FE0D04 /* Pods-WBooksTests.release.xcconfig */ = {isa = PBXFileReference; includeInIndex = 1; lastKnownFileType = text.xcconfig; name = "Pods-WBooksTests.release.xcconfig"; path = "Target Support Files/Pods-WBooksTests/Pods-WBooksTests.release.xcconfig"; sourceTree = "<group>"; };
/* End PBXFileReference section */

/* Begin PBXFrameworksBuildPhase section */
		99732D5826B478F600FB9033 /* Frameworks */ = {
			isa = PBXFrameworksBuildPhase;
			buildActionMask = 2147483647;
			files = (
				5E50F7FF4C1CE02FEF0D837B /* Pods_WBooks.framework in Frameworks */,
			);
			runOnlyForDeploymentPostprocessing = 0;
		};
		99732D6E26B478FB00FB9033 /* Frameworks */ = {
			isa = PBXFrameworksBuildPhase;
			buildActionMask = 2147483647;
			files = (
				D9685F455EF448BADCE10000 /* Pods_WBooksTests.framework in Frameworks */,
			);
			runOnlyForDeploymentPostprocessing = 0;
		};
		99732D7926B478FB00FB9033 /* Frameworks */ = {
			isa = PBXFrameworksBuildPhase;
			buildActionMask = 2147483647;
			files = (
				05637D0355F976CE4ACE5BDF /* Pods_WBooks_WBooksUITests.framework in Frameworks */,
			);
			runOnlyForDeploymentPostprocessing = 0;
		};
/* End PBXFrameworksBuildPhase section */

/* Begin PBXGroup section */
		99732D5226B478F600FB9033 = {
			isa = PBXGroup;
			children = (
				99732D5D26B478F600FB9033 /* WBooks */,
				99732D7426B478FB00FB9033 /* WBooksTests */,
				99732D7F26B478FB00FB9033 /* WBooksUITests */,
				99732D5C26B478F600FB9033 /* Products */,
				C8CC67B221B029CC994A29A5 /* Pods */,
				E07C3091ED7EF5F3AA861490 /* Frameworks */,
			);
			sourceTree = "<group>";
		};
		99732D5C26B478F600FB9033 /* Products */ = {
			isa = PBXGroup;
			children = (
				99732D5B26B478F600FB9033 /* WBooks.app */,
				99732D7126B478FB00FB9033 /* WBooksTests.xctest */,
				99732D7C26B478FB00FB9033 /* WBooksUITests.xctest */,
			);
			name = Products;
			sourceTree = "<group>";
		};
		99732D5D26B478F600FB9033 /* WBooks */ = {
			isa = PBXGroup;
			children = (
				99732D5E26B478F600FB9033 /* AppDelegate.swift */,
				99732D6026B478F600FB9033 /* SceneDelegate.swift */,
				99732D6226B478F600FB9033 /* ViewController.swift */,
				99732D8E26B49FA300FB9033 /* ConfigurationFiles */,
				99732D6426B478F600FB9033 /* Main.storyboard */,
				99732D6726B478FB00FB9033 /* Assets.xcassets */,
				99732D6926B478FB00FB9033 /* LaunchScreen.storyboard */,
				99732D6C26B478FB00FB9033 /* Info.plist */,
				99732D9526BA1C8800FB9033 /* DesignableView.swift */,
			);
			path = WBooks;
			sourceTree = "<group>";
		};
		99732D7426B478FB00FB9033 /* WBooksTests */ = {
			isa = PBXGroup;
			children = (
				99732D7526B478FB00FB9033 /* WBooksTests.swift */,
				99732D7726B478FB00FB9033 /* Info.plist */,
			);
			path = WBooksTests;
			sourceTree = "<group>";
		};
		99732D7F26B478FB00FB9033 /* WBooksUITests */ = {
			isa = PBXGroup;
			children = (
				99732D8026B478FB00FB9033 /* WBooksUITests.swift */,
				99732D8226B478FB00FB9033 /* Info.plist */,
			);
			path = WBooksUITests;
			sourceTree = "<group>";
		};
		99732D8E26B49FA300FB9033 /* ConfigurationFiles */ = {
			isa = PBXGroup;
			children = (
				99732D9126B4BEA900FB9033 /* Release.xcconfig */,
				99732D9226B8778900FB9033 /* Debug.xcconfig */,
			);
			path = ConfigurationFiles;
			sourceTree = "<group>";
		};
		C8CC67B221B029CC994A29A5 /* Pods */ = {
			isa = PBXGroup;
			children = (
				665450407588438811B9DBE8 /* Pods-WBooks.debug.xcconfig */,
				4C5834C050A8CE2B54DF5731 /* Pods-WBooks.release.xcconfig */,
				AB4ADD8A8482CEAD6B7456AD /* Pods-WBooks-WBooksUITests.debug.xcconfig */,
				3D7A8A1B93EED42048DB0D01 /* Pods-WBooks-WBooksUITests.release.xcconfig */,
				AB372D9690D162D5628BF19E /* Pods-WBooksTests.debug.xcconfig */,
				AEB3BDB06ED08C1794FE0D04 /* Pods-WBooksTests.release.xcconfig */,
			);
			path = Pods;
			sourceTree = "<group>";
		};
		E07C3091ED7EF5F3AA861490 /* Frameworks */ = {
			isa = PBXGroup;
			children = (
				4AA79F0E147D46E1A50814D9 /* Pods_WBooks.framework */,
				15AE0DC4D278F859710D6348 /* Pods_WBooks_WBooksUITests.framework */,
				445B2D7E5A0F19C95F430BEE /* Pods_WBooksTests.framework */,
			);
			name = Frameworks;
			sourceTree = "<group>";
		};
/* End PBXGroup section */

/* Begin PBXNativeTarget section */
		99732D5A26B478F600FB9033 /* WBooks */ = {
			isa = PBXNativeTarget;
			buildConfigurationList = 99732D8526B478FB00FB9033 /* Build configuration list for PBXNativeTarget "WBooks" */;
			buildPhases = (
				7A44E46CFCCE0B8D21EE7763 /* [CP] Check Pods Manifest.lock */,
				99732D5726B478F600FB9033 /* Sources */,
				99732D5826B478F600FB9033 /* Frameworks */,
				99732D5926B478F600FB9033 /* Resources */,
				5FF9FF5DBBDFABBD7AB1F46B /* [CP] Embed Pods Frameworks */,
			);
			buildRules = (
			);
			dependencies = (
			);
			name = WBooks;
			productName = WBooks;
			productReference = 99732D5B26B478F600FB9033 /* WBooks.app */;
			productType = "com.apple.product-type.application";
		};
		99732D7026B478FB00FB9033 /* WBooksTests */ = {
			isa = PBXNativeTarget;
			buildConfigurationList = 99732D8826B478FB00FB9033 /* Build configuration list for PBXNativeTarget "WBooksTests" */;
			buildPhases = (
				537DD5C2960E7F3C59F734DC /* [CP] Check Pods Manifest.lock */,
				99732D6D26B478FB00FB9033 /* Sources */,
				99732D6E26B478FB00FB9033 /* Frameworks */,
				99732D6F26B478FB00FB9033 /* Resources */,
			);
			buildRules = (
			);
			dependencies = (
				99732D7326B478FB00FB9033 /* PBXTargetDependency */,
			);
			name = WBooksTests;
			productName = WBooksTests;
			productReference = 99732D7126B478FB00FB9033 /* WBooksTests.xctest */;
			productType = "com.apple.product-type.bundle.unit-test";
		};
		99732D7B26B478FB00FB9033 /* WBooksUITests */ = {
			isa = PBXNativeTarget;
			buildConfigurationList = 99732D8B26B478FB00FB9033 /* Build configuration list for PBXNativeTarget "WBooksUITests" */;
			buildPhases = (
				013293D4A049642F62D6BE49 /* [CP] Check Pods Manifest.lock */,
				99732D7826B478FB00FB9033 /* Sources */,
				99732D7926B478FB00FB9033 /* Frameworks */,
				99732D7A26B478FB00FB9033 /* Resources */,
				31A5B41A6582CEB5A68D9159 /* [CP] Embed Pods Frameworks */,
			);
			buildRules = (
			);
			dependencies = (
				99732D7E26B478FB00FB9033 /* PBXTargetDependency */,
			);
			name = WBooksUITests;
			productName = WBooksUITests;
			productReference = 99732D7C26B478FB00FB9033 /* WBooksUITests.xctest */;
			productType = "com.apple.product-type.bundle.ui-testing";
		};
/* End PBXNativeTarget section */

/* Begin PBXProject section */
		99732D5326B478F600FB9033 /* Project object */ = {
			isa = PBXProject;
			attributes = {
				LastSwiftUpdateCheck = 1250;
				LastUpgradeCheck = 1250;
				TargetAttributes = {
					99732D5A26B478F600FB9033 = {
						CreatedOnToolsVersion = 12.5.1;
					};
					99732D7026B478FB00FB9033 = {
						CreatedOnToolsVersion = 12.5.1;
						TestTargetID = 99732D5A26B478F600FB9033;
					};
					99732D7B26B478FB00FB9033 = {
						CreatedOnToolsVersion = 12.5.1;
						TestTargetID = 99732D5A26B478F600FB9033;
					};
				};
			};
			buildConfigurationList = 99732D5626B478F600FB9033 /* Build configuration list for PBXProject "WBooks" */;
			compatibilityVersion = "Xcode 12.0";
			developmentRegion = en;
			hasScannedForEncodings = 0;
			knownRegions = (
				en,
				Base,
			);
			mainGroup = 99732D5226B478F600FB9033;
			productRefGroup = 99732D5C26B478F600FB9033 /* Products */;
			projectDirPath = "";
			projectRoot = "";
			targets = (
				99732D5A26B478F600FB9033 /* WBooks */,
				99732D7026B478FB00FB9033 /* WBooksTests */,
				99732D7B26B478FB00FB9033 /* WBooksUITests */,
			);
		};
/* End PBXProject section */

/* Begin PBXResourcesBuildPhase section */
		99732D5926B478F600FB9033 /* Resources */ = {
			isa = PBXResourcesBuildPhase;
			buildActionMask = 2147483647;
			files = (
				99732D6B26B478FB00FB9033 /* LaunchScreen.storyboard in Resources */,
				99732D6826B478FB00FB9033 /* Assets.xcassets in Resources */,
				99732D6626B478F600FB9033 /* Main.storyboard in Resources */,
			);
			runOnlyForDeploymentPostprocessing = 0;
		};
		99732D6F26B478FB00FB9033 /* Resources */ = {
			isa = PBXResourcesBuildPhase;
			buildActionMask = 2147483647;
			files = (
			);
			runOnlyForDeploymentPostprocessing = 0;
		};
		99732D7A26B478FB00FB9033 /* Resources */ = {
			isa = PBXResourcesBuildPhase;
			buildActionMask = 2147483647;
			files = (
			);
			runOnlyForDeploymentPostprocessing = 0;
		};
/* End PBXResourcesBuildPhase section */

/* Begin PBXShellScriptBuildPhase section */
		013293D4A049642F62D6BE49 /* [CP] Check Pods Manifest.lock */ = {
			isa = PBXShellScriptBuildPhase;
			buildActionMask = 2147483647;
			files = (
			);
			inputFileListPaths = (
			);
			inputPaths = (
				"${PODS_PODFILE_DIR_PATH}/Podfile.lock",
				"${PODS_ROOT}/Manifest.lock",
			);
			name = "[CP] Check Pods Manifest.lock";
			outputFileListPaths = (
			);
			outputPaths = (
				"$(DERIVED_FILE_DIR)/Pods-WBooks-WBooksUITests-checkManifestLockResult.txt",
			);
			runOnlyForDeploymentPostprocessing = 0;
			shellPath = /bin/sh;
			shellScript = "diff \"${PODS_PODFILE_DIR_PATH}/Podfile.lock\" \"${PODS_ROOT}/Manifest.lock\" > /dev/null\nif [ $? != 0 ] ; then\n    # print error to STDERR\n    echo \"error: The sandbox is not in sync with the Podfile.lock. Run 'pod install' or update your CocoaPods installation.\" >&2\n    exit 1\nfi\n# This output is used by Xcode 'outputs' to avoid re-running this script phase.\necho \"SUCCESS\" > \"${SCRIPT_OUTPUT_FILE_0}\"\n";
			showEnvVarsInLog = 0;
		};
		31A5B41A6582CEB5A68D9159 /* [CP] Embed Pods Frameworks */ = {
			isa = PBXShellScriptBuildPhase;
			buildActionMask = 2147483647;
			files = (
			);
			inputFileListPaths = (
				"${PODS_ROOT}/Target Support Files/Pods-WBooks-WBooksUITests/Pods-WBooks-WBooksUITests-frameworks-${CONFIGURATION}-input-files.xcfilelist",
			);
			name = "[CP] Embed Pods Frameworks";
			outputFileListPaths = (
				"${PODS_ROOT}/Target Support Files/Pods-WBooks-WBooksUITests/Pods-WBooks-WBooksUITests-frameworks-${CONFIGURATION}-output-files.xcfilelist",
			);
			runOnlyForDeploymentPostprocessing = 0;
			shellPath = /bin/sh;
			shellScript = "\"${PODS_ROOT}/Target Support Files/Pods-WBooks-WBooksUITests/Pods-WBooks-WBooksUITests-frameworks.sh\"\n";
			showEnvVarsInLog = 0;
		};
		537DD5C2960E7F3C59F734DC /* [CP] Check Pods Manifest.lock */ = {
			isa = PBXShellScriptBuildPhase;
			buildActionMask = 2147483647;
			files = (
			);
			inputFileListPaths = (
			);
			inputPaths = (
				"${PODS_PODFILE_DIR_PATH}/Podfile.lock",
				"${PODS_ROOT}/Manifest.lock",
			);
			name = "[CP] Check Pods Manifest.lock";
			outputFileListPaths = (
			);
			outputPaths = (
				"$(DERIVED_FILE_DIR)/Pods-WBooksTests-checkManifestLockResult.txt",
			);
			runOnlyForDeploymentPostprocessing = 0;
			shellPath = /bin/sh;
			shellScript = "diff \"${PODS_PODFILE_DIR_PATH}/Podfile.lock\" \"${PODS_ROOT}/Manifest.lock\" > /dev/null\nif [ $? != 0 ] ; then\n    # print error to STDERR\n    echo \"error: The sandbox is not in sync with the Podfile.lock. Run 'pod install' or update your CocoaPods installation.\" >&2\n    exit 1\nfi\n# This output is used by Xcode 'outputs' to avoid re-running this script phase.\necho \"SUCCESS\" > \"${SCRIPT_OUTPUT_FILE_0}\"\n";
			showEnvVarsInLog = 0;
		};
		5FF9FF5DBBDFABBD7AB1F46B /* [CP] Embed Pods Frameworks */ = {
			isa = PBXShellScriptBuildPhase;
			buildActionMask = 2147483647;
			files = (
			);
			inputFileListPaths = (
				"${PODS_ROOT}/Target Support Files/Pods-WBooks/Pods-WBooks-frameworks-${CONFIGURATION}-input-files.xcfilelist",
			);
			name = "[CP] Embed Pods Frameworks";
			outputFileListPaths = (
				"${PODS_ROOT}/Target Support Files/Pods-WBooks/Pods-WBooks-frameworks-${CONFIGURATION}-output-files.xcfilelist",
			);
			runOnlyForDeploymentPostprocessing = 0;
			shellPath = /bin/sh;
			shellScript = "\"${PODS_ROOT}/Target Support Files/Pods-WBooks/Pods-WBooks-frameworks.sh\"\n";
			showEnvVarsInLog = 0;
		};
		7A44E46CFCCE0B8D21EE7763 /* [CP] Check Pods Manifest.lock */ = {
			isa = PBXShellScriptBuildPhase;
			buildActionMask = 2147483647;
			files = (
			);
			inputFileListPaths = (
			);
			inputPaths = (
				"${PODS_PODFILE_DIR_PATH}/Podfile.lock",
				"${PODS_ROOT}/Manifest.lock",
			);
			name = "[CP] Check Pods Manifest.lock";
			outputFileListPaths = (
			);
			outputPaths = (
				"$(DERIVED_FILE_DIR)/Pods-WBooks-checkManifestLockResult.txt",
			);
			runOnlyForDeploymentPostprocessing = 0;
			shellPath = /bin/sh;
			shellScript = "diff \"${PODS_PODFILE_DIR_PATH}/Podfile.lock\" \"${PODS_ROOT}/Manifest.lock\" > /dev/null\nif [ $? != 0 ] ; then\n    # print error to STDERR\n    echo \"error: The sandbox is not in sync with the Podfile.lock. Run 'pod install' or update your CocoaPods installation.\" >&2\n    exit 1\nfi\n# This output is used by Xcode 'outputs' to avoid re-running this script phase.\necho \"SUCCESS\" > \"${SCRIPT_OUTPUT_FILE_0}\"\n";
			showEnvVarsInLog = 0;
		};
/* End PBXShellScriptBuildPhase section */

/* Begin PBXSourcesBuildPhase section */
		99732D5726B478F600FB9033 /* Sources */ = {
			isa = PBXSourcesBuildPhase;
			buildActionMask = 2147483647;
			files = (
				99732D9626BA1C8800FB9033 /* DesignableView.swift in Sources */,
				99732D6326B478F600FB9033 /* ViewController.swift in Sources */,
				99732D5F26B478F600FB9033 /* AppDelegate.swift in Sources */,
				99732D6126B478F600FB9033 /* SceneDelegate.swift in Sources */,
			);
			runOnlyForDeploymentPostprocessing = 0;
		};
		99732D6D26B478FB00FB9033 /* Sources */ = {
			isa = PBXSourcesBuildPhase;
			buildActionMask = 2147483647;
			files = (
				99732D7626B478FB00FB9033 /* WBooksTests.swift in Sources */,
			);
			runOnlyForDeploymentPostprocessing = 0;
		};
		99732D7826B478FB00FB9033 /* Sources */ = {
			isa = PBXSourcesBuildPhase;
			buildActionMask = 2147483647;
			files = (
				99732D8126B478FB00FB9033 /* WBooksUITests.swift in Sources */,
			);
			runOnlyForDeploymentPostprocessing = 0;
		};
/* End PBXSourcesBuildPhase section */

/* Begin PBXTargetDependency section */
		99732D7326B478FB00FB9033 /* PBXTargetDependency */ = {
			isa = PBXTargetDependency;
			target = 99732D5A26B478F600FB9033 /* WBooks */;
			targetProxy = 99732D7226B478FB00FB9033 /* PBXContainerItemProxy */;
		};
		99732D7E26B478FB00FB9033 /* PBXTargetDependency */ = {
			isa = PBXTargetDependency;
			target = 99732D5A26B478F600FB9033 /* WBooks */;
			targetProxy = 99732D7D26B478FB00FB9033 /* PBXContainerItemProxy */;
		};
/* End PBXTargetDependency section */

/* Begin PBXVariantGroup section */
		99732D6426B478F600FB9033 /* Main.storyboard */ = {
			isa = PBXVariantGroup;
			children = (
				99732D6526B478F600FB9033 /* Base */,
			);
			name = Main.storyboard;
			sourceTree = "<group>";
		};
		99732D6926B478FB00FB9033 /* LaunchScreen.storyboard */ = {
			isa = PBXVariantGroup;
			children = (
				99732D6A26B478FB00FB9033 /* Base */,
			);
			name = LaunchScreen.storyboard;
			sourceTree = "<group>";
		};
/* End PBXVariantGroup section */

/* Begin XCBuildConfiguration section */
		99732D8326B478FB00FB9033 /* Debug */ = {
			isa = XCBuildConfiguration;
			buildSettings = {
				ALWAYS_SEARCH_USER_PATHS = NO;
				CLANG_ANALYZER_NONNULL = YES;
				CLANG_ANALYZER_NUMBER_OBJECT_CONVERSION = YES_AGGRESSIVE;
				CLANG_CXX_LANGUAGE_STANDARD = "gnu++14";
				CLANG_CXX_LIBRARY = "libc++";
				CLANG_ENABLE_MODULES = YES;
				CLANG_ENABLE_OBJC_ARC = YES;
				CLANG_ENABLE_OBJC_WEAK = YES;
				CLANG_WARN_BLOCK_CAPTURE_AUTORELEASING = YES;
				CLANG_WARN_BOOL_CONVERSION = YES;
				CLANG_WARN_COMMA = YES;
				CLANG_WARN_CONSTANT_CONVERSION = YES;
				CLANG_WARN_DEPRECATED_OBJC_IMPLEMENTATIONS = YES;
				CLANG_WARN_DIRECT_OBJC_ISA_USAGE = YES_ERROR;
				CLANG_WARN_DOCUMENTATION_COMMENTS = YES;
				CLANG_WARN_EMPTY_BODY = YES;
				CLANG_WARN_ENUM_CONVERSION = YES;
				CLANG_WARN_INFINITE_RECURSION = YES;
				CLANG_WARN_INT_CONVERSION = YES;
				CLANG_WARN_NON_LITERAL_NULL_CONVERSION = YES;
				CLANG_WARN_OBJC_IMPLICIT_RETAIN_SELF = YES;
				CLANG_WARN_OBJC_LITERAL_CONVERSION = YES;
				CLANG_WARN_OBJC_ROOT_CLASS = YES_ERROR;
				CLANG_WARN_QUOTED_INCLUDE_IN_FRAMEWORK_HEADER = YES;
				CLANG_WARN_RANGE_LOOP_ANALYSIS = YES;
				CLANG_WARN_STRICT_PROTOTYPES = YES;
				CLANG_WARN_SUSPICIOUS_MOVE = YES;
				CLANG_WARN_UNGUARDED_AVAILABILITY = YES_AGGRESSIVE;
				CLANG_WARN_UNREACHABLE_CODE = YES;
				CLANG_WARN__DUPLICATE_METHOD_MATCH = YES;
				COPY_PHASE_STRIP = NO;
				DEBUG_INFORMATION_FORMAT = dwarf;
				ENABLE_STRICT_OBJC_MSGSEND = YES;
				ENABLE_TESTABILITY = YES;
				GCC_C_LANGUAGE_STANDARD = gnu11;
				GCC_DYNAMIC_NO_PIC = NO;
				GCC_NO_COMMON_BLOCKS = YES;
				GCC_OPTIMIZATION_LEVEL = 0;
				GCC_PREPROCESSOR_DEFINITIONS = (
					"DEBUG=1",
					"$(inherited)",
				);
				GCC_WARN_64_TO_32_BIT_CONVERSION = YES;
				GCC_WARN_ABOUT_RETURN_TYPE = YES_ERROR;
				GCC_WARN_UNDECLARED_SELECTOR = YES;
				GCC_WARN_UNINITIALIZED_AUTOS = YES_AGGRESSIVE;
				GCC_WARN_UNUSED_FUNCTION = YES;
				GCC_WARN_UNUSED_VARIABLE = YES;
				IPHONEOS_DEPLOYMENT_TARGET = 14.5;
				MTL_ENABLE_DEBUG_INFO = INCLUDE_SOURCE;
				MTL_FAST_MATH = YES;
				ONLY_ACTIVE_ARCH = YES;
				SDKROOT = iphoneos;
				SWIFT_ACTIVE_COMPILATION_CONDITIONS = DEBUG;
				SWIFT_OPTIMIZATION_LEVEL = "-Onone";
			};
			name = Debug;
		};
		99732D8426B478FB00FB9033 /* Release */ = {
			isa = XCBuildConfiguration;
			buildSettings = {
				ALWAYS_SEARCH_USER_PATHS = NO;
				CLANG_ANALYZER_NONNULL = YES;
				CLANG_ANALYZER_NUMBER_OBJECT_CONVERSION = YES_AGGRESSIVE;
				CLANG_CXX_LANGUAGE_STANDARD = "gnu++14";
				CLANG_CXX_LIBRARY = "libc++";
				CLANG_ENABLE_MODULES = YES;
				CLANG_ENABLE_OBJC_ARC = YES;
				CLANG_ENABLE_OBJC_WEAK = YES;
				CLANG_WARN_BLOCK_CAPTURE_AUTORELEASING = YES;
				CLANG_WARN_BOOL_CONVERSION = YES;
				CLANG_WARN_COMMA = YES;
				CLANG_WARN_CONSTANT_CONVERSION = YES;
				CLANG_WARN_DEPRECATED_OBJC_IMPLEMENTATIONS = YES;
				CLANG_WARN_DIRECT_OBJC_ISA_USAGE = YES_ERROR;
				CLANG_WARN_DOCUMENTATION_COMMENTS = YES;
				CLANG_WARN_EMPTY_BODY = YES;
				CLANG_WARN_ENUM_CONVERSION = YES;
				CLANG_WARN_INFINITE_RECURSION = YES;
				CLANG_WARN_INT_CONVERSION = YES;
				CLANG_WARN_NON_LITERAL_NULL_CONVERSION = YES;
				CLANG_WARN_OBJC_IMPLICIT_RETAIN_SELF = YES;
				CLANG_WARN_OBJC_LITERAL_CONVERSION = YES;
				CLANG_WARN_OBJC_ROOT_CLASS = YES_ERROR;
				CLANG_WARN_QUOTED_INCLUDE_IN_FRAMEWORK_HEADER = YES;
				CLANG_WARN_RANGE_LOOP_ANALYSIS = YES;
				CLANG_WARN_STRICT_PROTOTYPES = YES;
				CLANG_WARN_SUSPICIOUS_MOVE = YES;
				CLANG_WARN_UNGUARDED_AVAILABILITY = YES_AGGRESSIVE;
				CLANG_WARN_UNREACHABLE_CODE = YES;
				CLANG_WARN__DUPLICATE_METHOD_MATCH = YES;
				COPY_PHASE_STRIP = NO;
				DEBUG_INFORMATION_FORMAT = "dwarf-with-dsym";
				ENABLE_NS_ASSERTIONS = NO;
				ENABLE_STRICT_OBJC_MSGSEND = YES;
				GCC_C_LANGUAGE_STANDARD = gnu11;
				GCC_NO_COMMON_BLOCKS = YES;
				GCC_WARN_64_TO_32_BIT_CONVERSION = YES;
				GCC_WARN_ABOUT_RETURN_TYPE = YES_ERROR;
				GCC_WARN_UNDECLARED_SELECTOR = YES;
				GCC_WARN_UNINITIALIZED_AUTOS = YES_AGGRESSIVE;
				GCC_WARN_UNUSED_FUNCTION = YES;
				GCC_WARN_UNUSED_VARIABLE = YES;
				IPHONEOS_DEPLOYMENT_TARGET = 14.5;
				MTL_ENABLE_DEBUG_INFO = NO;
				MTL_FAST_MATH = YES;
				SDKROOT = iphoneos;
				SWIFT_COMPILATION_MODE = wholemodule;
				SWIFT_OPTIMIZATION_LEVEL = "-O";
				VALIDATE_PRODUCT = YES;
			};
			name = Release;
		};
		99732D8626B478FB00FB9033 /* Debug */ = {
			isa = XCBuildConfiguration;
			baseConfigurationReference = 665450407588438811B9DBE8 /* Pods-WBooks.debug.xcconfig */;
			buildSettings = {
				ASSETCATALOG_COMPILER_APPICON_NAME = AppIcon;
				ASSETCATALOG_COMPILER_GLOBAL_ACCENT_COLOR_NAME = AccentColor;
				CODE_SIGN_STYLE = Automatic;
				INFOPLIST_FILE = WBooks/Info.plist;
				LD_RUNPATH_SEARCH_PATHS = (
					"$(inherited)",
					"@executable_path/Frameworks",
				);
				PRODUCT_BUNDLE_IDENTIFIER = noelianieres.WBooks;
				PRODUCT_NAME = "$(TARGET_NAME)";
				SWIFT_VERSION = 5.0;
				TARGETED_DEVICE_FAMILY = "1,2";
			};
			name = Debug;
		};
		99732D8726B478FB00FB9033 /* Release */ = {
			isa = XCBuildConfiguration;
			baseConfigurationReference = 4C5834C050A8CE2B54DF5731 /* Pods-WBooks.release.xcconfig */;
			buildSettings = {
				ASSETCATALOG_COMPILER_APPICON_NAME = AppIcon;
				ASSETCATALOG_COMPILER_GLOBAL_ACCENT_COLOR_NAME = AccentColor;
				CODE_SIGN_STYLE = Automatic;
				INFOPLIST_FILE = WBooks/Info.plist;
				LD_RUNPATH_SEARCH_PATHS = (
					"$(inherited)",
					"@executable_path/Frameworks",
				);
				PRODUCT_BUNDLE_IDENTIFIER = noelianieres.WBooks;
				PRODUCT_NAME = "$(TARGET_NAME)";
				SWIFT_VERSION = 5.0;
				TARGETED_DEVICE_FAMILY = "1,2";
			};
			name = Release;
		};
		99732D8926B478FB00FB9033 /* Debug */ = {
			isa = XCBuildConfiguration;
			baseConfigurationReference = AB372D9690D162D5628BF19E /* Pods-WBooksTests.debug.xcconfig */;
			buildSettings = {
				ALWAYS_EMBED_SWIFT_STANDARD_LIBRARIES = YES;
				BUNDLE_LOADER = "$(TEST_HOST)";
				CODE_SIGN_STYLE = Automatic;
				INFOPLIST_FILE = WBooksTests/Info.plist;
				IPHONEOS_DEPLOYMENT_TARGET = 14.5;
				LD_RUNPATH_SEARCH_PATHS = (
					"$(inherited)",
					"@executable_path/Frameworks",
					"@loader_path/Frameworks",
				);
				PRODUCT_BUNDLE_IDENTIFIER = noelianieres.WBooksTests;
				PRODUCT_NAME = "$(TARGET_NAME)";
				SWIFT_VERSION = 5.0;
				TARGETED_DEVICE_FAMILY = "1,2";
				TEST_HOST = "$(BUILT_PRODUCTS_DIR)/WBooks.app/WBooks";
			};
			name = Debug;
		};
		99732D8A26B478FB00FB9033 /* Release */ = {
			isa = XCBuildConfiguration;
			baseConfigurationReference = AEB3BDB06ED08C1794FE0D04 /* Pods-WBooksTests.release.xcconfig */;
			buildSettings = {
				ALWAYS_EMBED_SWIFT_STANDARD_LIBRARIES = YES;
				BUNDLE_LOADER = "$(TEST_HOST)";
				CODE_SIGN_STYLE = Automatic;
				INFOPLIST_FILE = WBooksTests/Info.plist;
				IPHONEOS_DEPLOYMENT_TARGET = 14.5;
				LD_RUNPATH_SEARCH_PATHS = (
					"$(inherited)",
					"@executable_path/Frameworks",
					"@loader_path/Frameworks",
				);
				PRODUCT_BUNDLE_IDENTIFIER = noelianieres.WBooksTests;
				PRODUCT_NAME = "$(TARGET_NAME)";
				SWIFT_VERSION = 5.0;
				TARGETED_DEVICE_FAMILY = "1,2";
				TEST_HOST = "$(BUILT_PRODUCTS_DIR)/WBooks.app/WBooks";
			};
			name = Release;
		};
		99732D8C26B478FB00FB9033 /* Debug */ = {
			isa = XCBuildConfiguration;
			baseConfigurationReference = AB4ADD8A8482CEAD6B7456AD /* Pods-WBooks-WBooksUITests.debug.xcconfig */;
			buildSettings = {
				ALWAYS_EMBED_SWIFT_STANDARD_LIBRARIES = YES;
				CODE_SIGN_STYLE = Automatic;
				INFOPLIST_FILE = WBooksUITests/Info.plist;
				LD_RUNPATH_SEARCH_PATHS = (
					"$(inherited)",
					"@executable_path/Frameworks",
					"@loader_path/Frameworks",
				);
				PRODUCT_BUNDLE_IDENTIFIER = noelianieres.WBooksUITests;
				PRODUCT_NAME = "$(TARGET_NAME)";
				SWIFT_VERSION = 5.0;
				TARGETED_DEVICE_FAMILY = "1,2";
				TEST_TARGET_NAME = WBooks;
			};
			name = Debug;
		};
		99732D8D26B478FB00FB9033 /* Release */ = {
			isa = XCBuildConfiguration;
			baseConfigurationReference = 3D7A8A1B93EED42048DB0D01 /* Pods-WBooks-WBooksUITests.release.xcconfig */;
			buildSettings = {
				ALWAYS_EMBED_SWIFT_STANDARD_LIBRARIES = YES;
				CODE_SIGN_STYLE = Automatic;
				INFOPLIST_FILE = WBooksUITests/Info.plist;
				LD_RUNPATH_SEARCH_PATHS = (
					"$(inherited)",
					"@executable_path/Frameworks",
					"@loader_path/Frameworks",
				);
				PRODUCT_BUNDLE_IDENTIFIER = noelianieres.WBooksUITests;
				PRODUCT_NAME = "$(TARGET_NAME)";
				SWIFT_VERSION = 5.0;
				TARGETED_DEVICE_FAMILY = "1,2";
				TEST_TARGET_NAME = WBooks;
			};
			name = Release;
		};
/* End XCBuildConfiguration section */

/* Begin XCConfigurationList section */
		99732D5626B478F600FB9033 /* Build configuration list for PBXProject "WBooks" */ = {
			isa = XCConfigurationList;
			buildConfigurations = (
				99732D8326B478FB00FB9033 /* Debug */,
				99732D8426B478FB00FB9033 /* Release */,
			);
			defaultConfigurationIsVisible = 0;
			defaultConfigurationName = Release;
		};
		99732D8526B478FB00FB9033 /* Build configuration list for PBXNativeTarget "WBooks" */ = {
			isa = XCConfigurationList;
			buildConfigurations = (
				99732D8626B478FB00FB9033 /* Debug */,
				99732D8726B478FB00FB9033 /* Release */,
			);
			defaultConfigurationIsVisible = 0;
			defaultConfigurationName = Release;
		};
		99732D8826B478FB00FB9033 /* Build configuration list for PBXNativeTarget "WBooksTests" */ = {
			isa = XCConfigurationList;
			buildConfigurations = (
				99732D8926B478FB00FB9033 /* Debug */,
				99732D8A26B478FB00FB9033 /* Release */,
			);
			defaultConfigurationIsVisible = 0;
			defaultConfigurationName = Release;
		};
		99732D8B26B478FB00FB9033 /* Build configuration list for PBXNativeTarget "WBooksUITests" */ = {
			isa = XCConfigurationList;
			buildConfigurations = (
				99732D8C26B478FB00FB9033 /* Debug */,
				99732D8D26B478FB00FB9033 /* Release */,
			);
			defaultConfigurationIsVisible = 0;
			defaultConfigurationName = Release;
		};
/* End XCConfigurationList section */
	};
	rootObject = 99732D5326B478F600FB9033 /* Project object */;
}
